
Microsoft Visual Studio Solution File, Format Version 12.00
# Visual Studio Version 17
VisualStudioVersion = 17.1.32210.238
MinimumVisualStudioVersion = 10.0.40219.1
Project("{FAE04EC0-301F-11D3-BF4B-00C04F79EFBC}") = "EleraSoftwareProject", "EleraSoftwareProject.csproj", "{DF0C124E-AFEF-45C3-B9B4-90D9143181CA}"
EndProject
Global
	GlobalSection(SolutionConfigurationPlatforms) = preSolution
		Debug|Any CPU = Debug|Any CPU
		Release|Any CPU = Release|Any CPU
	EndGlobalSection
	GlobalSection(ProjectConfigurationPlatforms) = postSolution
		{DF0C124E-AFEF-45C3-B9B4-90D9143181CA}.Debug|Any CPU.ActiveCfg = Debug|Any CPU
		{DF0C124E-AFEF-45C3-B9B4-90D9143181CA}.Debug|Any CPU.Build.0 = Debug|Any CPU
		{DF0C124E-AFEF-45C3-B9B4-90D9143181CA}.Release|Any CPU.ActiveCfg = Release|Any CPU
		{DF0C124E-AFEF-45C3-B9B4-90D9143181CA}.Release|Any CPU.Build.0 = Release|Any CPU
	EndGlobalSection
	GlobalSection(SolutionProperties) = preSolution
		HideSolutionNode = FALSE
	EndGlobalSection
	GlobalSection(ExtensibilityGlobals) = postSolution
		SolutionGuid = {7E4A2C05-907B-44F0-BBDF-4D011AA931BE}
	EndGlobalSection
EndGlobal
